
Microsoft Visual Studio Solution File, Format Version 12.00
# Visual Studio Version 17
VisualStudioVersion = 17.6.33712.159
MinimumVisualStudioVersion = 10.0.40219.1
Project("{FAE04EC0-301F-11D3-BF4B-00C04F79EFBC}") = "CarpinteriasApp", "CarpinteriasApp.csproj", "{3103FAAF-59D3-4A40-852E-870781107932}"
EndProject
Global
	GlobalSection(SolutionConfigurationPlatforms) = preSolution
		Debug|Any CPU = Debug|Any CPU
		Release|Any CPU = Release|Any CPU
	EndGlobalSection
	GlobalSection(ProjectConfigurationPlatforms) = postSolution
		{3103FAAF-59D3-4A40-852E-870781107932}.Debug|Any CPU.ActiveCfg = Debug|Any CPU
		{3103FAAF-59D3-4A40-852E-870781107932}.Debug|Any CPU.Build.0 = Debug|Any CPU
		{3103FAAF-59D3-4A40-852E-870781107932}.Release|Any CPU.ActiveCfg = Release|Any CPU
		{3103FAAF-59D3-4A40-852E-870781107932}.Release|Any CPU.Build.0 = Release|Any CPU
	EndGlobalSection
	GlobalSection(SolutionProperties) = preSolution
		HideSolutionNode = FALSE
	EndGlobalSection
	GlobalSection(ExtensibilityGlobals) = postSolution
		SolutionGuid = {D3711369-8354-44CE-A7FB-3CE655A109AE}
	EndGlobalSection
EndGlobal
